
Microsoft Visual Studio Solution File, Format Version 12.00
# Visual Studio Version 17
VisualStudioVersion = 17.13.35825.156 d17.13
MinimumVisualStudioVersion = 10.0.40219.1
Project("{FAE04EC0-301F-11D3-BF4B-00C04F79EFBC}") = "GildedRoseKata", "GildedRoseKata\GildedRoseKata.csproj", "{33A5E86D-F561-4001-889B-DA60503445D2}"
EndProject
Project("{FAE04EC0-301F-11D3-BF4B-00C04F79EFBC}") = "GildedRoseKata_Tests", "GildedRoseKata_Tests\GildedRoseKata_Tests.csproj", "{2B1042A4-27EA-4A5B-82E3-C1D29711B676}"
EndProject
Global
	GlobalSection(SolutionConfigurationPlatforms) = preSolution
		Debug|Any CPU = Debug|Any CPU
		Release|Any CPU = Release|Any CPU
	EndGlobalSection
	GlobalSection(ProjectConfigurationPlatforms) = postSolution
		{33A5E86D-F561-4001-889B-DA60503445D2}.Debug|Any CPU.ActiveCfg = Debug|Any CPU
		{33A5E86D-F561-4001-889B-DA60503445D2}.Debug|Any CPU.Build.0 = Debug|Any CPU
		{33A5E86D-F561-4001-889B-DA60503445D2}.Release|Any CPU.ActiveCfg = Release|Any CPU
		{33A5E86D-F561-4001-889B-DA60503445D2}.Release|Any CPU.Build.0 = Release|Any CPU
		{2B1042A4-27EA-4A5B-82E3-C1D29711B676}.Debug|Any CPU.ActiveCfg = Debug|Any CPU
		{2B1042A4-27EA-4A5B-82E3-C1D29711B676}.Debug|Any CPU.Build.0 = Debug|Any CPU
		{2B1042A4-27EA-4A5B-82E3-C1D29711B676}.Release|Any CPU.ActiveCfg = Release|Any CPU
		{2B1042A4-27EA-4A5B-82E3-C1D29711B676}.Release|Any CPU.Build.0 = Release|Any CPU
	EndGlobalSection
	GlobalSection(SolutionProperties) = preSolution
		HideSolutionNode = FALSE
	EndGlobalSection
	GlobalSection(ExtensibilityGlobals) = postSolution
		SolutionGuid = {203B2392-E778-4C88-B447-94FE3C6D8CD9}
	EndGlobalSection
EndGlobal
